// !$*UTF8*$!
{
	archiveVersion = 1;
	classes = {
	};
	objectVersion = 46;
	objects = {

/* Begin PBXBuildFile section */
		AB3444B81D75B95300EA583E /* AppDelegate.swift in Sources */ = {isa = PBXBuildFile; fileRef = AB3444B71D75B95300EA583E /* AppDelegate.swift */; };
		AB3444BA1D75B95300EA583E /* ViewController.swift in Sources */ = {isa = PBXBuildFile; fileRef = AB3444B91D75B95300EA583E /* ViewController.swift */; };
		AB3444BD1D75B95300EA583E /* Main.storyboard in Resources */ = {isa = PBXBuildFile; fileRef = AB3444BB1D75B95300EA583E /* Main.storyboard */; };
		AB3444BF1D75B95300EA583E /* Assets.xcassets in Resources */ = {isa = PBXBuildFile; fileRef = AB3444BE1D75B95300EA583E /* Assets.xcassets */; };
		AB3444C21D75B95300EA583E /* LaunchScreen.storyboard in Resources */ = {isa = PBXBuildFile; fileRef = AB3444C01D75B95300EA583E /* LaunchScreen.storyboard */; };
		AB3444CA1D75C10800EA583E /* pokemon.csv in Resources */ = {isa = PBXBuildFile; fileRef = AB3444C91D75C10800EA583E /* pokemon.csv */; };
/* End PBXBuildFile section */

/* Begin PBXFileReference section */
		AB3444B41D75B95100EA583E /* Pokedex.app */ = {isa = PBXFileReference; explicitFileType = wrapper.application; includeInIndex = 0; path = Pokedex.app; sourceTree = BUILT_PRODUCTS_DIR; };
		AB3444B71D75B95300EA583E /* AppDelegate.swift */ = {isa = PBXFileReference; lastKnownFileType = sourcecode.swift; path = AppDelegate.swift; sourceTree = "<group>"; };
		AB3444B91D75B95300EA583E /* ViewController.swift */ = {isa = PBXFileReference; lastKnownFileType = sourcecode.swift; path = ViewController.swift; sourceTree = "<group>"; };
		AB3444BC1D75B95300EA583E /* Base */ = {isa = PBXFileReference; lastKnownFileType = file.storyboard; name = Base; path = Base.lproj/Main.storyboard; sourceTree = "<group>"; };
		AB3444BE1D75B95300EA583E /* Assets.xcassets */ = {isa = PBXFileReference; lastKnownFileType = folder.assetcatalog; path = Assets.xcassets; sourceTree = "<group>"; };
		AB3444C11D75B95300EA583E /* Base */ = {isa = PBXFileReference; lastKnownFileType = file.storyboard; name = Base; path = Base.lproj/LaunchScreen.storyboard; sourceTree = "<group>"; };
		AB3444C31D75B95300EA583E /* Info.plist */ = {isa = PBXFileReference; lastKnownFileType = text.plist.xml; path = Info.plist; sourceTree = "<group>"; };
		AB3444C91D75C10800EA583E /* pokemon.csv */ = {isa = PBXFileReference; fileEncoding = 4; lastKnownFileType = text; path = pokemon.csv; sourceTree = "<group>"; };
/* End PBXFileReference section */

/* Begin PBXFrameworksBuildPhase section */
		AB3444B11D75B95100EA583E /* Frameworks */ = {
			isa = PBXFrameworksBuildPhase;
			buildActionMask = 2147483647;
			files = (
			);
			runOnlyForDeploymentPostprocessing = 0;
		};
/* End PBXFrameworksBuildPhase section */

/* Begin PBXGroup section */
		AB3444AB1D75B95000EA583E = {
			isa = PBXGroup;
			children = (
				AB3444B61D75B95300EA583E /* Pokedex */,
				AB3444B51D75B95100EA583E /* Products */,
			);
			sourceTree = "<group>";
		};
		AB3444B51D75B95100EA583E /* Products */ = {
			isa = PBXGroup;
			children = (
				AB3444B41D75B95100EA583E /* Pokedex.app */,
			);
			name = Products;
			sourceTree = "<group>";
		};
		AB3444B61D75B95300EA583E /* Pokedex */ = {
			isa = PBXGroup;
			children = (
				AB3444B71D75B95300EA583E /* AppDelegate.swift */,
				AB3444B91D75B95300EA583E /* ViewController.swift */,
				AB3444C91D75C10800EA583E /* pokemon.csv */,
				AB3444BB1D75B95300EA583E /* Main.storyboard */,
				AB3444BE1D75B95300EA583E /* Assets.xcassets */,
				AB3444C01D75B95300EA583E /* LaunchScreen.storyboard */,
				AB3444C31D75B95300EA583E /* Info.plist */,
			);
			path = Pokedex;
			sourceTree = "<group>";
		};
/* End PBXGroup section */

/* Begin PBXNativeTarget section */
		AB3444B31D75B95100EA583E /* Pokedex */ = {
			isa = PBXNativeTarget;
			buildConfigurationList = AB3444C61D75B95300EA583E /* Build configuration list for PBXNativeTarget "Pokedex" */;
			buildPhases = (
				AB3444B01D75B95100EA583E /* Sources */,
				AB3444B11D75B95100EA583E /* Frameworks */,
				AB3444B21D75B95100EA583E /* Resources */,
			);
			buildRules = (
			);
			dependencies = (
			);
			name = Pokedex;
			productName = Pokedex;
			productReference = AB3444B41D75B95100EA583E /* Pokedex.app */;
			productType = "com.apple.product-type.application";
		};
/* End PBXNativeTarget section */

/* Begin PBXProject section */
		AB3444AC1D75B95100EA583E /* Project object */ = {
			isa = PBXProject;
			attributes = {
				LastSwiftUpdateCheck = 0730;
				LastUpgradeCheck = 0730;
				ORGANIZATIONNAME = "Vidur Singh";
				TargetAttributes = {
					AB3444B31D75B95100EA583E = {
						CreatedOnToolsVersion = 7.3.1;
						DevelopmentTeam = 93LGAXCT48;
					};
				};
			};
			buildConfigurationList = AB3444AF1D75B95100EA583E /* Build configuration list for PBXProject "Pokedex" */;
			compatibilityVersion = "Xcode 3.2";
			developmentRegion = English;
			hasScannedForEncodings = 0;
			knownRegions = (
				en,
				Base,
			);
			mainGroup = AB3444AB1D75B95000EA583E;
			productRefGroup = AB3444B51D75B95100EA583E /* Products */;
			projectDirPath = "";
			projectRoot = "";
			targets = (
				AB3444B31D75B95100EA583E /* Pokedex */,
			);
		};
/* End PBXProject section */

/* Begin PBXResourcesBuildPhase section */
		AB3444B21D75B95100EA583E /* Resources */ = {
			isa = PBXResourcesBuildPhase;
			buildActionMask = 2147483647;
			files = (
				AB3444C21D75B95300EA583E /* LaunchScreen.storyboard in Resources */,
				AB3444BF1D75B95300EA583E /* Assets.xcassets in Resources */,
				AB3444CA1D75C10800EA583E /* pokemon.csv in Resources */,
				AB3444BD1D75B95300EA583E /* Main.storyboard in Resources */,
			);
			runOnlyForDeploymentPostprocessing = 0;
		};
/* End PBXResourcesBuildPhase section */

/* Begin PBXSourcesBuildPhase section */
		AB3444B01D75B95100EA583E /* Sources */ = {
			isa = PBXSourcesBuildPhase;
			buildActionMask = 2147483647;
			files = (
				AB3444BA1D75B95300EA583E /* ViewController.swift in Sources */,
				AB3444B81D75B95300EA583E /* AppDelegate.swift in Sources */,
			);
			runOnlyForDeploymentPostprocessing = 0;
		};
/* End PBXSourcesBuildPhase section */

/* Begin PBXVariantGroup section */
		AB3444BB1D75B95300EA583E /* Main.storyboard */ = {
			isa = PBXVariantGroup;
			children = (
				AB3444BC1D75B95300EA583E /* Base */,
			);
			name = Main.storyboard;
			sourceTree = "<group>";
		};
		AB3444C01D75B95300EA583E /* LaunchScreen.storyboard */ = {
			isa = PBXVariantGroup;
			children = (
				AB3444C11D75B95300EA583E /* Base */,
			);
			name = LaunchScreen.storyboard;
			sourceTree = "<group>";
		};
/* End PBXVariantGroup section */

/* Begin XCBuildConfiguration section */
		AB3444C41D75B95300EA583E /* Debug */ = {
			isa = XCBuildConfiguration;
			buildSettings = {
				ALWAYS_SEARCH_USER_PATHS = NO;
				CLANG_ANALYZER_NONNULL = YES;
				CLANG_CXX_LANGUAGE_STANDARD = "gnu++0x";
				CLANG_CXX_LIBRARY = "libc++";
				CLANG_ENABLE_MODULES = YES;
				CLANG_ENABLE_OBJC_ARC = YES;
				CLANG_WARN_BOOL_CONVERSION = YES;
				CLANG_WARN_CONSTANT_CONVERSION = YES;
				CLANG_WARN_DIRECT_OBJC_ISA_USAGE = YES_ERROR;
				CLANG_WARN_EMPTY_BODY = YES;
				CLANG_WARN_ENUM_CONVERSION = YES;
				CLANG_WARN_INT_CONVERSION = YES;
				CLANG_WARN_OBJC_ROOT_CLASS = YES_ERROR;
				CLANG_WARN_UNREACHABLE_CODE = YES;
				CLANG_WARN__DUPLICATE_METHOD_MATCH = YES;
				"CODE_SIGN_IDENTITY[sdk=iphoneos*]" = "iPhone Developer";
				COPY_PHASE_STRIP = NO;
				DEBUG_INFORMATION_FORMAT = dwarf;
				ENABLE_STRICT_OBJC_MSGSEND = YES;
				ENABLE_TESTABILITY = YES;
				GCC_C_LANGUAGE_STANDARD = gnu99;
				GCC_DYNAMIC_NO_PIC = NO;
				GCC_NO_COMMON_BLOCKS = YES;
				GCC_OPTIMIZATION_LEVEL = 0;
				GCC_PREPROCESSOR_DEFINITIONS = (
					"DEBUG=1",
					"$(inherited)",
				);
				GCC_WARN_64_TO_32_BIT_CONVERSION = YES;
				GCC_WARN_ABOUT_RETURN_TYPE = YES_ERROR;
				GCC_WARN_UNDECLARED_SELECTOR = YES;
				GCC_WARN_UNINITIALIZED_AUTOS = YES_AGGRESSIVE;
				GCC_WARN_UNUSED_FUNCTION = YES;
				GCC_WARN_UNUSED_VARIABLE = YES;
				IPHONEOS_DEPLOYMENT_TARGET = 9.3;
				MTL_ENABLE_DEBUG_INFO = YES;
				ONLY_ACTIVE_ARCH = YES;
				SDKROOT = iphoneos;
				SWIFT_OPTIMIZATION_LEVEL = "-Onone";
				TARGETED_DEVICE_FAMILY = "1,2";
			};
			name = Debug;
		};
		AB3444C51D75B95300EA583E /* Release */ = {
			isa = XCBuildConfiguration;
			buildSettings = {
				ALWAYS_SEARCH_USER_PATHS = NO;
				CLANG_ANALYZER_NONNULL = YES;
				CLANG_CXX_LANGUAGE_STANDARD = "gnu++0x";
				CLANG_CXX_LIBRARY = "libc++";
				CLANG_ENABLE_MODULES = YES;
				CLANG_ENABLE_OBJC_ARC = YES;
				CLANG_WARN_BOOL_CONVERSION = YES;
				CLANG_WARN_CONSTANT_CONVERSION = YES;
				CLANG_WARN_DIRECT_OBJC_ISA_USAGE = YES_ERROR;
				CLANG_WARN_EMPTY_BODY = YES;
				CLANG_WARN_ENUM_CONVERSION = YES;
				CLANG_WARN_INT_CONVERSION = YES;
				CLANG_WARN_OBJC_ROOT_CLASS = YES_ERROR;
				CLANG_WARN_UNREACHABLE_CODE = YES;
				CLANG_WARN__DUPLICATE_METHOD_MATCH = YES;
				"CODE_SIGN_IDENTITY[sdk=iphoneos*]" = "iPhone Developer";
				COPY_PHASE_STRIP = NO;
				DEBUG_INFORMATION_FORMAT = "dwarf-with-dsym";
				ENABLE_NS_ASSERTIONS = NO;
				ENABLE_STRICT_OBJC_MSGSEND = YES;
				GCC_C_LANGUAGE_STANDARD = gnu99;
				GCC_NO_COMMON_BLOCKS = YES;
				GCC_WARN_64_TO_32_BIT_CONVERSION = YES;
				GCC_WARN_ABOUT_RETURN_TYPE = YES_ERROR;
				GCC_WARN_UNDECLARED_SELECTOR = YES;
				GCC_WARN_UNINITIALIZED_AUTOS = YES_AGGRESSIVE;
				GCC_WARN_UNUSED_FUNCTION = YES;
				GCC_WARN_UNUSED_VARIABLE = YES;
				IPHONEOS_DEPLOYMENT_TARGET = 9.3;
				MTL_ENABLE_DEBUG_INFO = NO;
				SDKROOT = iphoneos;
				TARGETED_DEVICE_FAMILY = "1,2";
				VALIDATE_PRODUCT = YES;
			};
			name = Release;
		};
		AB3444C71D75B95300EA583E /* Debug */ = {
			isa = XCBuildConfiguration;
			buildSettings = {
				ASSETCATALOG_COMPILER_APPICON_NAME = AppIcon;
				INFOPLIST_FILE = Pokedex/Info.plist;
				LD_RUNPATH_SEARCH_PATHS = "$(inherited) @executable_path/Frameworks";
				PRODUCT_BUNDLE_IDENTIFIER = com.vidur.learning.Pokedex;
				PRODUCT_NAME = "$(TARGET_NAME)";
			};
			name = Debug;
		};
		AB3444C81D75B95300EA583E /* Release */ = {
			isa = XCBuildConfiguration;
			buildSettings = {
				ASSETCATALOG_COMPILER_APPICON_NAME = AppIcon;
				INFOPLIST_FILE = Pokedex/Info.plist;
				LD_RUNPATH_SEARCH_PATHS = "$(inherited) @executable_path/Frameworks";
				PRODUCT_BUNDLE_IDENTIFIER = com.vidur.learning.Pokedex;
				PRODUCT_NAME = "$(TARGET_NAME)";
			};
			name = Release;
		};
/* End XCBuildConfiguration section */

/* Begin XCConfigurationList section */
		AB3444AF1D75B95100EA583E /* Build configuration list for PBXProject "Pokedex" */ = {
			isa = XCConfigurationList;
			buildConfigurations = (
				AB3444C41D75B95300EA583E /* Debug */,
				AB3444C51D75B95300EA583E /* Release */,
			);
			defaultConfigurationIsVisible = 0;
			defaultConfigurationName = Release;
		};
		AB3444C61D75B95300EA583E /* Build configuration list for PBXNativeTarget "Pokedex" */ = {
			isa = XCConfigurationList;
			buildConfigurations = (
				AB3444C71D75B95300EA583E /* Debug */,
				AB3444C81D75B95300EA583E /* Release */,
			);
			defaultConfigurationIsVisible = 0;
		};
/* End XCConfigurationList section */
	};
	rootObject = AB3444AC1D75B95100EA583E /* Project object */;
}
